
Microsoft Visual Studio Solution File, Format Version 12.00
# Visual Studio Version 17
VisualStudioVersion = 17.0.32014.148
MinimumVisualStudioVersion = 10.0.40219.1
Project("{FAE04EC0-301F-11D3-BF4B-00C04F79EFBC}") = "retryTodo", "retryTodo\retryTodo.csproj", "{B43BF41B-9C70-47EB-A366-B411B3BFDEAD}"
EndProject
Global
	GlobalSection(SolutionConfigurationPlatforms) = preSolution
		Debug|Any CPU = Debug|Any CPU
		Release|Any CPU = Release|Any CPU
	EndGlobalSection
	GlobalSection(ProjectConfigurationPlatforms) = postSolution
		{B43BF41B-9C70-47EB-A366-B411B3BFDEAD}.Debug|Any CPU.ActiveCfg = Debug|Any CPU
		{B43BF41B-9C70-47EB-A366-B411B3BFDEAD}.Debug|Any CPU.Build.0 = Debug|Any CPU
		{B43BF41B-9C70-47EB-A366-B411B3BFDEAD}.Release|Any CPU.ActiveCfg = Release|Any CPU
		{B43BF41B-9C70-47EB-A366-B411B3BFDEAD}.Release|Any CPU.Build.0 = Release|Any CPU
	EndGlobalSection
	GlobalSection(SolutionProperties) = preSolution
		HideSolutionNode = FALSE
	EndGlobalSection
	GlobalSection(ExtensibilityGlobals) = postSolution
		SolutionGuid = {A5B68DAE-6A14-4AA4-B8ED-BAAB494C9595}
	EndGlobalSection
EndGlobal
